
Microsoft Visual Studio Solution File, Format Version 12.00
# Visual Studio 15
VisualStudioVersion = 15.0.27130.2010
MinimumVisualStudioVersion = 10.0.40219.1
Project("{9A19103F-16F7-4668-BE54-9A1E7A4F7556}") = "Gallery.App", "Gallery.App\Gallery.App.csproj", "{8B7BFF3B-CD4E-4050-9908-1A5C52956D17}"
EndProject
Project("{9A19103F-16F7-4668-BE54-9A1E7A4F7556}") = "Gallery.Data", "Gallery.Data\Gallery.Data.csproj", "{1A8AAE7D-C803-458A-A490-5E89A4CCC6EE}"
EndProject
Project("{FAE04EC0-301F-11D3-BF4B-00C04F79EFBC}") = "Gallery.Infrastructure", "Gallery.Infrastructure\Gallery.Infrastructure.csproj", "{2B038AE0-AD98-405D-A00A-248EDA1AB9A7}"
EndProject
Global
	GlobalSection(SolutionConfigurationPlatforms) = preSolution
		Debug|Any CPU = Debug|Any CPU
		Release|Any CPU = Release|Any CPU
	EndGlobalSection
	GlobalSection(ProjectConfigurationPlatforms) = postSolution
		{8B7BFF3B-CD4E-4050-9908-1A5C52956D17}.Debug|Any CPU.ActiveCfg = Debug|Any CPU
		{8B7BFF3B-CD4E-4050-9908-1A5C52956D17}.Debug|Any CPU.Build.0 = Debug|Any CPU
		{8B7BFF3B-CD4E-4050-9908-1A5C52956D17}.Release|Any CPU.ActiveCfg = Release|Any CPU
		{8B7BFF3B-CD4E-4050-9908-1A5C52956D17}.Release|Any CPU.Build.0 = Release|Any CPU
		{1A8AAE7D-C803-458A-A490-5E89A4CCC6EE}.Debug|Any CPU.ActiveCfg = Debug|Any CPU
		{1A8AAE7D-C803-458A-A490-5E89A4CCC6EE}.Debug|Any CPU.Build.0 = Debug|Any CPU
		{1A8AAE7D-C803-458A-A490-5E89A4CCC6EE}.Release|Any CPU.ActiveCfg = Release|Any CPU
		{1A8AAE7D-C803-458A-A490-5E89A4CCC6EE}.Release|Any CPU.Build.0 = Release|Any CPU
		{2B038AE0-AD98-405D-A00A-248EDA1AB9A7}.Debug|Any CPU.ActiveCfg = Debug|Any CPU
		{2B038AE0-AD98-405D-A00A-248EDA1AB9A7}.Debug|Any CPU.Build.0 = Debug|Any CPU
		{2B038AE0-AD98-405D-A00A-248EDA1AB9A7}.Release|Any CPU.ActiveCfg = Release|Any CPU
		{2B038AE0-AD98-405D-A00A-248EDA1AB9A7}.Release|Any CPU.Build.0 = Release|Any CPU
	EndGlobalSection
	GlobalSection(SolutionProperties) = preSolution
		HideSolutionNode = FALSE
	EndGlobalSection
	GlobalSection(ExtensibilityGlobals) = postSolution
		SolutionGuid = {394D6527-6538-42DB-AEAC-82682A955FA6}
	EndGlobalSection
EndGlobal
